
Microsoft Visual Studio Solution File, Format Version 12.00
# Visual Studio Version 17
VisualStudioVersion = 17.8.34330.188
MinimumVisualStudioVersion = 10.0.40219.1
Project("{9A19103F-16F7-4668-BE54-9A1E7A4F7556}") = "Observability", "Observability.csproj", "{66ECBE26-1854-4C96-AFF6-68980A20510D}"
EndProject
Global
	GlobalSection(SolutionConfigurationPlatforms) = preSolution
		Debug|Any CPU = Debug|Any CPU
		Release|Any CPU = Release|Any CPU
	EndGlobalSection
	GlobalSection(ProjectConfigurationPlatforms) = postSolution
		{66ECBE26-1854-4C96-AFF6-68980A20510D}.Debug|Any CPU.ActiveCfg = Debug|Any CPU
		{66ECBE26-1854-4C96-AFF6-68980A20510D}.Debug|Any CPU.Build.0 = Debug|Any CPU
		{66ECBE26-1854-4C96-AFF6-68980A20510D}.Release|Any CPU.ActiveCfg = Release|Any CPU
		{66ECBE26-1854-4C96-AFF6-68980A20510D}.Release|Any CPU.Build.0 = Release|Any CPU
	EndGlobalSection
	GlobalSection(SolutionProperties) = preSolution
		HideSolutionNode = FALSE
	EndGlobalSection
	GlobalSection(ExtensibilityGlobals) = postSolution
		SolutionGuid = {2C8E979F-3331-4E85-AB88-27CDB74C4E73}
	EndGlobalSection
EndGlobal
